
Microsoft Visual Studio Solution File, Format Version 12.00
# Visual Studio Version 16
VisualStudioVersion = 16.0.32630.194
MinimumVisualStudioVersion = 10.0.40219.1
Project("{FAE04EC0-301F-11D3-BF4B-00C04F79EFBC}") = "HospitalManagementSystem", "HospitalManagementSystem\HospitalManagementSystem.csproj", "{EDE57007-1105-4555-909D-3036B2632EA9}"
EndProject
Global
	GlobalSection(SolutionConfigurationPlatforms) = preSolution
		Debug|Any CPU = Debug|Any CPU
		Release|Any CPU = Release|Any CPU
	EndGlobalSection
	GlobalSection(ProjectConfigurationPlatforms) = postSolution
		{EDE57007-1105-4555-909D-3036B2632EA9}.Debug|Any CPU.ActiveCfg = Debug|Any CPU
		{EDE57007-1105-4555-909D-3036B2632EA9}.Debug|Any CPU.Build.0 = Debug|Any CPU
		{EDE57007-1105-4555-909D-3036B2632EA9}.Release|Any CPU.ActiveCfg = Release|Any CPU
		{EDE57007-1105-4555-909D-3036B2632EA9}.Release|Any CPU.Build.0 = Release|Any CPU
	EndGlobalSection
	GlobalSection(SolutionProperties) = preSolution
		HideSolutionNode = FALSE
	EndGlobalSection
	GlobalSection(ExtensibilityGlobals) = postSolution
		SolutionGuid = {9A9E1A7F-0768-4424-A296-EC0AFC03892F}
	EndGlobalSection
EndGlobal
